{
  "name": "recruitment-exercise",
  "version": "1.0.0",
  "lockfileVersion": 2,
  "requires": true,
  "packages": {
    "": {
      "name": "recruitment-exercise",
      "version": "1.0.0",
      "license": "ISC",
      "dependencies": {
        "@webcomponents/webcomponentsjs": "^2.2.10"
      }
    },
    "node_modules/@webcomponents/webcomponentsjs": {
      "version": "2.2.10",
      "integrity": "sha512-5dzhUhP+h0qMiK0IWb7VNb0OGBoXO3AuI6Qi8t9PoKT50s5L1jv0xnwnLq+cFgPuTB8FLTNP8xIDmyoOsKBy9Q=="
    }
  },
  "dependencies": {
    "@webcomponents/webcomponentsjs": {
      "version": "2.2.10",
      "integrity": "sha512-5dzhUhP+h0qMiK0IWb7VNb0OGBoXO3AuI6Qi8t9PoKT50s5L1jv0xnwnLq+cFgPuTB8FLTNP8xIDmyoOsKBy9Q=="
    }
  }
}
